
Microsoft Visual Studio Solution File, Format Version 12.00
# Visual Studio Version 17
VisualStudioVersion = 17.5.33516.290
MinimumVisualStudioVersion = 10.0.40219.1
Project("{FAE04EC0-301F-11D3-BF4B-00C04F79EFBC}") = "QassyVilla", "QassyVilla\QassyVilla.csproj", "{53493F66-9B5E-4867-B1B8-254A1413616F}"
EndProject
Global
	GlobalSection(SolutionConfigurationPlatforms) = preSolution
		Debug|Any CPU = Debug|Any CPU
		Release|Any CPU = Release|Any CPU
	EndGlobalSection
	GlobalSection(ProjectConfigurationPlatforms) = postSolution
		{53493F66-9B5E-4867-B1B8-254A1413616F}.Debug|Any CPU.ActiveCfg = Debug|Any CPU
		{53493F66-9B5E-4867-B1B8-254A1413616F}.Debug|Any CPU.Build.0 = Debug|Any CPU
		{53493F66-9B5E-4867-B1B8-254A1413616F}.Release|Any CPU.ActiveCfg = Release|Any CPU
		{53493F66-9B5E-4867-B1B8-254A1413616F}.Release|Any CPU.Build.0 = Release|Any CPU
	EndGlobalSection
	GlobalSection(SolutionProperties) = preSolution
		HideSolutionNode = FALSE
	EndGlobalSection
	GlobalSection(ExtensibilityGlobals) = postSolution
		SolutionGuid = {16AEC6E3-F92A-467A-9818-17EBB2D6FCF4}
	EndGlobalSection
EndGlobal
